
Microsoft Visual Studio Solution File, Format Version 12.00
Project("{FAE04EC0-301F-11D3-BF4B-00C04F79EFBC}") = "BlazorChatSignalR", "BlazorChatSignalR\BlazorChatSignalR\BlazorChatSignalR.csproj", "{CED2033D-C227-4E75-9380-AAFB522A235F}"
EndProject
Project("{FAE04EC0-301F-11D3-BF4B-00C04F79EFBC}") = "BlazorChatSignalR.Client", "BlazorChatSignalR\BlazorChatSignalR.Client\BlazorChatSignalR.Client.csproj", "{7A9C7DFA-477D-455E-9109-2AF1F6A66C11}"
EndProject
Project("{2150E333-8FDC-42A3-9474-1A3956D46DE8}") = "Solution Items", "Solution Items", "{4C7CC513-4BFB-4FCC-B499-ABA399F5669C}"
	ProjectSection(SolutionItems) = preProject
		docker-compose.yml = docker-compose.yml
	EndProjectSection
EndProject
Project("{FAE04EC0-301F-11D3-BF4B-00C04F79EFBC}") = "ChatModels", "ChatModels\ChatModels.csproj", "{01FFCACA-C372-49A3-AED0-82DC1D3FE0D7}"
EndProject
Global
	GlobalSection(SolutionConfigurationPlatforms) = preSolution
		Debug|Any CPU = Debug|Any CPU
		Release|Any CPU = Release|Any CPU
	EndGlobalSection
	GlobalSection(ProjectConfigurationPlatforms) = postSolution
		{CED2033D-C227-4E75-9380-AAFB522A235F}.Debug|Any CPU.ActiveCfg = Debug|Any CPU
		{CED2033D-C227-4E75-9380-AAFB522A235F}.Debug|Any CPU.Build.0 = Debug|Any CPU
		{CED2033D-C227-4E75-9380-AAFB522A235F}.Release|Any CPU.ActiveCfg = Release|Any CPU
		{CED2033D-C227-4E75-9380-AAFB522A235F}.Release|Any CPU.Build.0 = Release|Any CPU
		{7A9C7DFA-477D-455E-9109-2AF1F6A66C11}.Debug|Any CPU.ActiveCfg = Debug|Any CPU
		{7A9C7DFA-477D-455E-9109-2AF1F6A66C11}.Debug|Any CPU.Build.0 = Debug|Any CPU
		{7A9C7DFA-477D-455E-9109-2AF1F6A66C11}.Release|Any CPU.ActiveCfg = Release|Any CPU
		{7A9C7DFA-477D-455E-9109-2AF1F6A66C11}.Release|Any CPU.Build.0 = Release|Any CPU
		{01FFCACA-C372-49A3-AED0-82DC1D3FE0D7}.Debug|Any CPU.ActiveCfg = Debug|Any CPU
		{01FFCACA-C372-49A3-AED0-82DC1D3FE0D7}.Debug|Any CPU.Build.0 = Debug|Any CPU
		{01FFCACA-C372-49A3-AED0-82DC1D3FE0D7}.Release|Any CPU.ActiveCfg = Release|Any CPU
		{01FFCACA-C372-49A3-AED0-82DC1D3FE0D7}.Release|Any CPU.Build.0 = Release|Any CPU
	EndGlobalSection
	GlobalSection(NestedProjects) = preSolution
	EndGlobalSection
EndGlobal
